
Microsoft Visual Studio Solution File, Format Version 12.00
# Visual Studio Version 17
VisualStudioVersion = 17.3.32901.215
MinimumVisualStudioVersion = 10.0.40219.1
Project("{FAE04EC0-301F-11D3-BF4B-00C04F79EFBC}") = "SpaceInvarders", "SpaceInvarders\SpaceInvarders.csproj", "{C0DFB9BB-4C09-48BA-BFED-0FE946E4B0D2}"
EndProject
Global
	GlobalSection(SolutionConfigurationPlatforms) = preSolution
		Debug|Any CPU = Debug|Any CPU
		Release|Any CPU = Release|Any CPU
	EndGlobalSection
	GlobalSection(ProjectConfigurationPlatforms) = postSolution
		{C0DFB9BB-4C09-48BA-BFED-0FE946E4B0D2}.Debug|Any CPU.ActiveCfg = Debug|Any CPU
		{C0DFB9BB-4C09-48BA-BFED-0FE946E4B0D2}.Debug|Any CPU.Build.0 = Debug|Any CPU
		{C0DFB9BB-4C09-48BA-BFED-0FE946E4B0D2}.Release|Any CPU.ActiveCfg = Release|Any CPU
		{C0DFB9BB-4C09-48BA-BFED-0FE946E4B0D2}.Release|Any CPU.Build.0 = Release|Any CPU
	EndGlobalSection
	GlobalSection(SolutionProperties) = preSolution
		HideSolutionNode = FALSE
	EndGlobalSection
	GlobalSection(ExtensibilityGlobals) = postSolution
		SolutionGuid = {2DC745B6-D14E-4AEF-8781-9E001FD65AE7}
	EndGlobalSection
EndGlobal
